<?xml version="1.0" encoding="UTF-8" standalone="yes" ?>
<CodeBlocks_project_file>
	<FileVersion major="1" minor="6" />
	<Project>
		<Option title="melonDS" />
		<Option pch_mode="2" />
		<Option compiler="gcc" />
		<Build>
			<Target title="Debug Windows">
				<Option platforms="Windows;" />
				<Option output="bin/Debug/melonDS" prefix_auto="1" extension_auto="1" />
				<Option object_output="obj/Debug/" />
				<Option type="1" />
				<Option compiler="gcc" />
				<Compiler>
					<Add option="-m64" />
					<Add option="-gdwarf-2" />
					<Add option="-D_FILE_OFFSET_BITS=64" />
				</Compiler>
				<Linker>
					<Add option="-m64" />
					<Add library="SDL2" />
					<Add library="shell32" />
					<Add library="comctl32" />
					<Add library="comdlg32" />
					<Add library="advapi32" />
					<Add library="wsock32" />
					<Add library="oleacc" />
					<Add library="gdi32" />
					<Add library="d2d1" />
					<Add library="dwrite" />
					<Add library="uxtheme" />
					<Add library="usp10" />
					<Add library="ole32" />
				</Linker>
			</Target>
			<Target title="Release Windows">
				<Option platforms="Windows;" />
				<Option output="bin/Release/melonDS" prefix_auto="1" extension_auto="1" />
				<Option object_output="obj/Release/" />
				<Option type="0" />
				<Option compiler="gcc" />
				<Compiler>
					<Add option="-O3" />
					<Add option="-m64" />
					<Add option="-D_FILE_OFFSET_BITS=64" />
				</Compiler>
				<Linker>
					<Add option="-s" />
					<Add option="-m64" />
					<Add library="SDL2" />
					<Add library="shell32" />
					<Add library="comctl32" />
					<Add library="comdlg32" />
					<Add library="advapi32" />
					<Add library="wsock32" />
					<Add library="oleacc" />
					<Add library="ole32" />
					<Add library="gdi32" />
					<Add library="d2d1" />
					<Add library="dwrite" />
					<Add library="uxtheme" />
					<Add library="usp10" />
				</Linker>
			</Target>
			<Target title="DebugFast Windows">
				<Option platforms="Windows;" />
				<Option output="bin/DebugFast/melonDS" prefix_auto="1" extension_auto="1" />
				<Option object_output="obj/DebugFast/" />
				<Option type="1" />
				<Option compiler="gcc" />
				<Compiler>
					<Add option="-O3" />
					<Add option="-m64" />
					<Add option="-D_FILE_OFFSET_BITS=64" />
				</Compiler>
				<Linker>
					<Add option="-s" />
					<Add option="-m64" />
					<Add library="SDL2" />
					<Add library="shell32" />
					<Add library="comctl32" />
					<Add library="comdlg32" />
					<Add library="advapi32" />
					<Add library="wsock32" />
					<Add library="oleacc" />
					<Add library="ole32" />
					<Add library="gdi32" />
					<Add library="d2d1" />
					<Add library="dwrite" />
					<Add library="uxtheme" />
					<Add library="usp10" />
				</Linker>
			</Target>
		</Build>
		<Compiler>
			<Add option="-Wall" />
			<Add option="-fexceptions" />
			<Add option="-pipe" />
		</Compiler>
		<Unit filename="melon.rc">
			<Option compilerVar="WINDRES" />
		</Unit>
		<Unit filename="src/ARM.cpp" />
		<Unit filename="src/ARM.h" />
		<Unit filename="src/ARMInterpreter.cpp" />
		<Unit filename="src/ARMInterpreter.h" />
		<Unit filename="src/ARMInterpreter_ALU.cpp" />
		<Unit filename="src/ARMInterpreter_ALU.h" />
		<Unit filename="src/ARMInterpreter_Branch.cpp" />
		<Unit filename="src/ARMInterpreter_Branch.h" />
		<Unit filename="src/ARMInterpreter_LoadStore.cpp" />
		<Unit filename="src/ARMInterpreter_LoadStore.h" />
		<Unit filename="src/ARM_InstrTable.h" />
		<Unit filename="src/CP15.cpp" />
		<Unit filename="src/CP15.h" />
		<Unit filename="src/Config.cpp" />
		<Unit filename="src/Config.h" />
		<Unit filename="src/DMA.cpp" />
		<Unit filename="src/DMA.h" />
		<Unit filename="src/FIFO.h" />
		<Unit filename="src/GPU.cpp" />
		<Unit filename="src/GPU.h" />
		<Unit filename="src/GPU2D.cpp" />
		<Unit filename="src/GPU2D.h" />
		<Unit filename="src/GPU3D.cpp" />
		<Unit filename="src/GPU3D.h" />
		<Unit filename="src/GPU3D_Soft.cpp" />
		<Unit filename="src/NDS.cpp" />
		<Unit filename="src/NDS.h" />
		<Unit filename="src/NDSCart.cpp" />
		<Unit filename="src/NDSCart.h" />
		<Unit filename="src/Platform.h" />
		<Unit filename="src/RTC.cpp" />
		<Unit filename="src/RTC.h" />
		<Unit filename="src/SPI.cpp" />
		<Unit filename="src/SPI.h" />
		<Unit filename="src/SPU.cpp" />
		<Unit filename="src/SPU.h" />
		<Unit filename="src/Wifi.cpp" />
		<Unit filename="src/Wifi.h" />
		<Unit filename="src/libui_sdl/DlgEmuSettings.cpp" />
		<Unit filename="src/libui_sdl/DlgEmuSettings.h" />
		<Unit filename="src/libui_sdl/DlgInputConfig.cpp" />
		<Unit filename="src/libui_sdl/DlgInputConfig.h" />
		<Unit filename="src/libui_sdl/Platform.cpp" />
		<Unit filename="src/libui_sdl/libui/common/areaevents.c">
			<Option compilerVar="CC" />
		</Unit>
		<Unit filename="src/libui_sdl/libui/common/control.c">
			<Option compilerVar="CC" />
		</Unit>
		<Unit filename="src/libui_sdl/libui/common/controlsigs.h" />
		<Unit filename="src/libui_sdl/libui/common/debug.c">
			<Option compilerVar="CC" />
		</Unit>
		<Unit filename="src/libui_sdl/libui/common/matrix.c">
			<Option compilerVar="CC" />
		</Unit>
		<Unit filename="src/libui_sdl/libui/common/shouldquit.c">
			<Option compilerVar="CC" />
		</Unit>
		<Unit filename="src/libui_sdl/libui/common/uipriv.h" />
		<Unit filename="src/libui_sdl/libui/common/userbugs.c">
			<Option compilerVar="CC" />
		</Unit>
		<Unit filename="src/libui_sdl/libui/ui.h" />
		<Unit filename="src/libui_sdl/libui/ui_windows.h" />
		<Unit filename="src/libui_sdl/libui/windows/_uipriv_migrate.hpp" />
		<Unit filename="src/libui_sdl/libui/windows/alloc.cpp" />
		<Unit filename="src/libui_sdl/libui/windows/area.cpp" />
		<Unit filename="src/libui_sdl/libui/windows/area.hpp" />
		<Unit filename="src/libui_sdl/libui/windows/areadraw.cpp" />
		<Unit filename="src/libui_sdl/libui/windows/areaevents.cpp" />
		<Unit filename="src/libui_sdl/libui/windows/areascroll.cpp" />
		<Unit filename="src/libui_sdl/libui/windows/areautil.cpp" />
		<Unit filename="src/libui_sdl/libui/windows/box.cpp" />
		<Unit filename="src/libui_sdl/libui/windows/button.cpp" />
		<Unit filename="src/libui_sdl/libui/windows/checkbox.cpp" />
		<Unit filename="src/libui_sdl/libui/windows/colorbutton.cpp" />
		<Unit filename="src/libui_sdl/libui/windows/colordialog.cpp" />
		<Unit filename="src/libui_sdl/libui/windows/combobox.cpp" />
		<Unit filename="src/libui_sdl/libui/windows/compilerver.hpp" />
		<Unit filename="src/libui_sdl/libui/windows/container.cpp" />
		<Unit filename="src/libui_sdl/libui/windows/control.cpp" />
		<Unit filename="src/libui_sdl/libui/windows/d2dscratch.cpp" />
		<Unit filename="src/libui_sdl/libui/windows/datetimepicker.cpp" />
		<Unit filename="src/libui_sdl/libui/windows/debug.cpp" />
		<Unit filename="src/libui_sdl/libui/windows/draw.cpp" />
		<Unit filename="src/libui_sdl/libui/windows/draw.hpp" />
		<Unit filename="src/libui_sdl/libui/windows/drawmatrix.cpp" />
		<Unit filename="src/libui_sdl/libui/windows/drawpath.cpp" />
		<Unit filename="src/libui_sdl/libui/windows/drawtext.cpp" />
		<Unit filename="src/libui_sdl/libui/windows/dwrite.cpp" />
		<Unit filename="src/libui_sdl/libui/windows/editablecombo.cpp" />
		<Unit filename="src/libui_sdl/libui/windows/entry.cpp" />
		<Unit filename="src/libui_sdl/libui/windows/events.cpp" />
		<Unit filename="src/libui_sdl/libui/windows/fontbutton.cpp" />
		<Unit filename="src/libui_sdl/libui/windows/fontdialog.cpp" />
		<Unit filename="src/libui_sdl/libui/windows/form.cpp" />
		<Unit filename="src/libui_sdl/libui/windows/graphemes.cpp" />
		<Unit filename="src/libui_sdl/libui/windows/grid.cpp" />
		<Unit filename="src/libui_sdl/libui/windows/group.cpp" />
		<Unit filename="src/libui_sdl/libui/windows/init.cpp" />
		<Unit filename="src/libui_sdl/libui/windows/label.cpp" />
		<Unit filename="src/libui_sdl/libui/windows/main.cpp" />
		<Unit filename="src/libui_sdl/libui/windows/menu.cpp" />
		<Unit filename="src/libui_sdl/libui/windows/multilineentry.cpp" />
		<Unit filename="src/libui_sdl/libui/windows/parent.cpp" />
		<Unit filename="src/libui_sdl/libui/windows/progressbar.cpp" />
		<Unit filename="src/libui_sdl/libui/windows/radiobuttons.cpp" />
		<Unit filename="src/libui_sdl/libui/windows/resources.hpp" />
		<Unit filename="src/libui_sdl/libui/windows/resources.rc">
			<Option compilerVar="WINDRES" />
		</Unit>
		<Unit filename="src/libui_sdl/libui/windows/separator.cpp" />
		<Unit filename="src/libui_sdl/libui/windows/sizing.cpp" />
		<Unit filename="src/libui_sdl/libui/windows/slider.cpp" />
		<Unit filename="src/libui_sdl/libui/windows/spinbox.cpp" />
		<Unit filename="src/libui_sdl/libui/windows/stddialogs.cpp" />
		<Unit filename="src/libui_sdl/libui/windows/tab.cpp" />
		<Unit filename="src/libui_sdl/libui/windows/tabpage.cpp" />
		<Unit filename="src/libui_sdl/libui/windows/text.cpp" />
		<Unit filename="src/libui_sdl/libui/windows/uipriv_windows.hpp" />
		<Unit filename="src/libui_sdl/libui/windows/utf16.cpp" />
		<Unit filename="src/libui_sdl/libui/windows/utilwin.cpp" />
		<Unit filename="src/libui_sdl/libui/windows/winapi.hpp" />
		<Unit filename="src/libui_sdl/libui/windows/window.cpp" />
		<Unit filename="src/libui_sdl/libui/windows/winpublic.cpp" />
		<Unit filename="src/libui_sdl/libui/windows/winutil.cpp" />
		<Unit filename="src/libui_sdl/main.cpp" />
		<Unit filename="src/melon_fopen.h" />
		<Unit filename="src/types.h" />
		<Unit filename="src/version.h" />
		<Unit filename="xp.manifest" />
		<Extensions>
			<code_completion />
			<envvars />
			<debugger />
		</Extensions>
	</Project>
</CodeBlocks_project_file>
