<?xml version="1.0" encoding="UTF-8" standalone="yes" ?>
<CodeBlocks_project_file>
	<FileVersion major="1" minor="6" />
	<Project>
		<Option title="melonDS" />
		<Option pch_mode="2" />
		<Option compiler="gcc" />
		<Build>
			<Target title="Debug">
				<Option output="bin/Debug/melonDS" prefix_auto="1" extension_auto="1" />
				<Option object_output="obj/Debug/" />
				<Option type="1" />
				<Option compiler="gcc" />
				<Compiler>
					<Add option="-g" />
				</Compiler>
				<Linker>
					<Add library="C:/MinGW/lib/libgdi32.a" />
				</Linker>
			</Target>
			<Target title="Release">
				<Option output="bin/Release/melonDS" prefix_auto="1" extension_auto="1" />
				<Option object_output="obj/Release/" />
				<Option type="1" />
				<Option compiler="gcc" />
				<Compiler>
					<Add option="-O2" />
				</Compiler>
				<Linker>
					<Add option="-s" />
					<Add library="C:/MinGW/lib/libgdi32.a" />
				</Linker>
			</Target>
		</Build>
		<Compiler>
			<Add option="-Wall" />
			<Add option="-fexceptions" />
		</Compiler>
		<Unit filename="ARM.cpp" />
		<Unit filename="ARM.h" />
		<Unit filename="ARMInterpreter.cpp" />
		<Unit filename="ARMInterpreter.h" />
		<Unit filename="ARMInterpreter_ALU.cpp" />
		<Unit filename="ARMInterpreter_ALU.h" />
		<Unit filename="ARMInterpreter_Branch.cpp" />
		<Unit filename="ARMInterpreter_Branch.h" />
		<Unit filename="ARMInterpreter_LoadStore.cpp" />
		<Unit filename="ARMInterpreter_LoadStore.h" />
		<Unit filename="ARM_InstrTable.h" />
		<Unit filename="CP15.cpp" />
		<Unit filename="CP15.h" />
		<Unit filename="DMA.cpp" />
		<Unit filename="DMA.h" />
		<Unit filename="FIFO.h" />
		<Unit filename="GPU.cpp" />
		<Unit filename="GPU.h" />
		<Unit filename="GPU2D.cpp" />
		<Unit filename="GPU2D.h" />
		<Unit filename="GPU3D.cpp" />
		<Unit filename="GPU3D.h" />
		<Unit filename="NDS.cpp" />
		<Unit filename="NDS.h" />
		<Unit filename="NDSCart.cpp" />
		<Unit filename="NDSCart.h" />
		<Unit filename="RTC.cpp" />
		<Unit filename="RTC.h" />
		<Unit filename="SPI.cpp" />
		<Unit filename="SPI.h" />
		<Unit filename="Wifi.cpp" />
		<Unit filename="Wifi.h" />
		<Unit filename="main.cpp" />
		<Unit filename="types.h" />
		<Extensions>
			<code_completion />
			<envvars />
			<debugger />
		</Extensions>
	</Project>
</CodeBlocks_project_file>
